
Microsoft Visual Studio Solution File, Format Version 12.00
# Visual Studio Version 17
VisualStudioVersion = 17.14.36414.22
MinimumVisualStudioVersion = 10.0.40219.1
Project("{FAE04EC0-301F-11D3-BF4B-00C04F79EFBC}") = "EasyServerMock.IntegrationTests", "EasyServerMock.IntegrationTests\EasyServerMock.IntegrationTests.csproj", "{59EE8683-4022-8647-7991-37632895E37A}"
EndProject
Project("{FAE04EC0-301F-11D3-BF4B-00C04F79EFBC}") = "EasyServerMock", "EasyServerMock\EasyServerMock.csproj", "{F30FA7A4-3B7B-70AE-2F73-3642D165B33D}"
EndProject
Project("{2150E333-8FDC-42A3-9474-1A3956D46DE8}") = "SolutionItems", "SolutionItems", "{02EA681E-C7D8-13C7-8484-4AC65E1B71E8}"
	ProjectSection(SolutionItems) = preProject
		.github\workflows\deploy.yml = .github\workflows\deploy.yml
		LICENSE = LICENSE
		README.md = README.md
	EndProjectSection
EndProject
Global
	GlobalSection(SolutionConfigurationPlatforms) = preSolution
		Debug|Any CPU = Debug|Any CPU
		Release|Any CPU = Release|Any CPU
	EndGlobalSection
	GlobalSection(ProjectConfigurationPlatforms) = postSolution
		{59EE8683-4022-8647-7991-37632895E37A}.Debug|Any CPU.ActiveCfg = Debug|Any CPU
		{59EE8683-4022-8647-7991-37632895E37A}.Debug|Any CPU.Build.0 = Debug|Any CPU
		{59EE8683-4022-8647-7991-37632895E37A}.Release|Any CPU.ActiveCfg = Release|Any CPU
		{59EE8683-4022-8647-7991-37632895E37A}.Release|Any CPU.Build.0 = Release|Any CPU
		{F30FA7A4-3B7B-70AE-2F73-3642D165B33D}.Debug|Any CPU.ActiveCfg = Debug|Any CPU
		{F30FA7A4-3B7B-70AE-2F73-3642D165B33D}.Debug|Any CPU.Build.0 = Debug|Any CPU
		{F30FA7A4-3B7B-70AE-2F73-3642D165B33D}.Release|Any CPU.ActiveCfg = Release|Any CPU
		{F30FA7A4-3B7B-70AE-2F73-3642D165B33D}.Release|Any CPU.Build.0 = Release|Any CPU
	EndGlobalSection
	GlobalSection(SolutionProperties) = preSolution
		HideSolutionNode = FALSE
	EndGlobalSection
	GlobalSection(ExtensibilityGlobals) = postSolution
		SolutionGuid = {AA5D37A0-B9A4-426B-9714-D69D365EA0BF}
	EndGlobalSection
EndGlobal
