
Microsoft Visual Studio Solution File, Format Version 12.00
# Visual Studio Version 17
VisualStudioVersion = 17.14.36414.22 d17.14
MinimumVisualStudioVersion = 10.0.40219.1
Project("{FAE04EC0-301F-11D3-BF4B-00C04F79EFBC}") = "EasyServerMock.Client", "EasyServerMock.Client.csproj", "{1F4D07FF-B162-4CF8-9D5F-82D62F3EE639}"
EndProject
Global
	GlobalSection(SolutionConfigurationPlatforms) = preSolution
		Debug|Any CPU = Debug|Any CPU
		Release|Any CPU = Release|Any CPU
	EndGlobalSection
	GlobalSection(ProjectConfigurationPlatforms) = postSolution
		{1F4D07FF-B162-4CF8-9D5F-82D62F3EE639}.Debug|Any CPU.ActiveCfg = Debug|Any CPU
		{1F4D07FF-B162-4CF8-9D5F-82D62F3EE639}.Debug|Any CPU.Build.0 = Debug|Any CPU
		{1F4D07FF-B162-4CF8-9D5F-82D62F3EE639}.Release|Any CPU.ActiveCfg = Release|Any CPU
		{1F4D07FF-B162-4CF8-9D5F-82D62F3EE639}.Release|Any CPU.Build.0 = Release|Any CPU
	EndGlobalSection
	GlobalSection(SolutionProperties) = preSolution
		HideSolutionNode = FALSE
	EndGlobalSection
	GlobalSection(ExtensibilityGlobals) = postSolution
		SolutionGuid = {AA5D37A0-B9A4-426B-9714-D69D365EA0BF}
	EndGlobalSection
EndGlobal
